<?xml version="1.0" encoding="utf-8"?>
<Project ToolsVersion="4.0" xmlns="http://schemas.microsoft.com/developer/msbuild/2003">
  <ItemGroup>
    <Filter Include="Source Files">
      <UniqueIdentifier>{8abad7f7-383c-4bd9-a7ce-46d886e5ff09}</UniqueIdentifier>
    </Filter>
    <Filter Include="Header Files">
      <UniqueIdentifier>{ad05832b-c302-489d-8fdc-516621a88927}</UniqueIdentifier>
    </Filter>
  </ItemGroup>
  <ItemGroup>
    <ClInclude Include="include\aabb.h">
      <Filter>Header Files</Filter>
    </ClInclude>
    <ClInclude Include="include\arcball_camera.h">
      <Filter>Header Files</Filter>
    </ClInclude>
    <ClInclude Include="include\basic.h">
      <Filter>Header Files</Filter>
    </ClInclude>
    <ClInclude Include="include\config.h">
      <Filter>Header Files</Filter>
    </ClInclude>
    <ClInclude Include="include\constants.h">
      <Filter>Header Files</Filter>
    </ClInclude>
    <ClInclude Include="include\gl_fix.h">
      <Filter>Header Files</Filter>
    </ClInclude>
    <ClInclude Include="include\gl_utils.h">
      <Filter>Header Files</Filter>
    </ClInclude>
    <ClInclude Include="include\glm_headers.h">
      <Filter>Header Files</Filter>
    </ClInclude>
    <ClInclude Include="include\gravity.h">
      <Filter>Header Files</Filter>
    </ClInclude>
    <ClInclude Include="include\kernel.h">
      <Filter>Header Files</Filter>
    </ClInclude>
    <ClInclude Include="include\particle_system.h">
      <Filter>Header Files</Filter>
    </ClInclude>
    <ClInclude Include="include\pbf_solver.h">
      <Filter>Header Files</Filter>
    </ClInclude>
    <ClInclude Include="include\pbf_solver_base.h">
      <Filter>Header Files</Filter>
    </ClInclude>
    <ClInclude Include="include\point_drawer.h">
      <Filter>Header Files</Filter>
    </ClInclude>
    <ClInclude Include="include\renderer.h">
      <Filter>Header Files</Filter>
    </ClInclude>
    <ClInclude Include="include\sh_position_getter.h">
      <Filter>Header Files</Filter>
    </ClInclude>
    <ClInclude Include="include\shader_wrapper.h">
      <Filter>Header Files</Filter>
    </ClInclude>
    <ClInclude Include="include\spatial_hash.h">
      <Filter>Header Files</Filter>
    </ClInclude>
    <ClInclude Include="include\utils.h">
      <Filter>Header Files</Filter>
    </ClInclude>
    <ClInclude Include="include\helper_math.h">
      <Filter>Header Files</Filter>
    </ClInclude>
    <ClInclude Include="include\pbf_solver_gpu.h">
      <Filter>Header Files</Filter>
    </ClInclude>
    <ClInclude Include="include\cuda_basic.h">
      <Filter>Header Files</Filter>
    </ClInclude>
  </ItemGroup>
  <ItemGroup>
    <ClCompile Include="src\aabb.cpp">
      <Filter>Source Files</Filter>
    </ClCompile>
    <ClCompile Include="src\arcball_camera.cpp">
      <Filter>Source Files</Filter>
    </ClCompile>
    <ClCompile Include="src\config.cpp">
      <Filter>Source Files</Filter>
    </ClCompile>
    <ClCompile Include="src\gl_utils.cpp">
      <Filter>Source Files</Filter>
    </ClCompile>
    <ClCompile Include="src\gravity.cpp">
      <Filter>Source Files</Filter>
    </ClCompile>
    <ClCompile Include="src\particle_system.cpp">
      <Filter>Source Files</Filter>
    </ClCompile>
    <ClCompile Include="src\pbf_solver.cpp">
      <Filter>Source Files</Filter>
    </ClCompile>
    <ClCompile Include="src\pbf_solver_base.cpp">
      <Filter>Source Files</Filter>
    </ClCompile>
    <ClCompile Include="src\point_drawer.cpp">
      <Filter>Source Files</Filter>
    </ClCompile>
    <ClCompile Include="src\renderer.cpp">
      <Filter>Source Files</Filter>
    </ClCompile>
    <ClCompile Include="src\shader_wrapper.cpp">
      <Filter>Source Files</Filter>
    </ClCompile>
    <ClCompile Include="src\utils.cpp">
      <Filter>Source Files</Filter>
    </ClCompile>
  </ItemGroup>
  <ItemGroup>
    <CudaCompile Include="src\pbf_solver_gpu.cu">
      <Filter>Source Files</Filter>
    </CudaCompile>
  </ItemGroup>
</Project>